
Microsoft Visual Studio Solution File, Format Version 12.00
# Visual Studio Version 16
VisualStudioVersion = 16.0.30717.126
MinimumVisualStudioVersion = 10.0.40219.1
Project("{FAE04EC0-301F-11D3-BF4B-00C04F79EFBC}") = "RemoteController.Client", "RemoteController.Client\RemoteController.Client.csproj", "{C1B54A2F-7203-45E4-B3FE-45FE3BEE23C5}"
EndProject
Project("{FAE04EC0-301F-11D3-BF4B-00C04F79EFBC}") = "RemoteController.Server", "RemoteController.Server\RemoteController.Server.csproj", "{BB6AE56B-20AF-4FF4-B07A-3E3EFD129BC8}"
EndProject
Project("{FAE04EC0-301F-11D3-BF4B-00C04F79EFBC}") = "RemoteController.Core", "RemoteController.Core\RemoteController.Core.csproj", "{CF73F757-B311-46F9-9548-DE03068E2FF8}"
EndProject
Global
	GlobalSection(SolutionConfigurationPlatforms) = preSolution
		Debug|Any CPU = Debug|Any CPU
		Release|Any CPU = Release|Any CPU
	EndGlobalSection
	GlobalSection(ProjectConfigurationPlatforms) = postSolution
		{C1B54A2F-7203-45E4-B3FE-45FE3BEE23C5}.Debug|Any CPU.ActiveCfg = Debug|Any CPU
		{C1B54A2F-7203-45E4-B3FE-45FE3BEE23C5}.Debug|Any CPU.Build.0 = Debug|Any CPU
		{C1B54A2F-7203-45E4-B3FE-45FE3BEE23C5}.Release|Any CPU.ActiveCfg = Release|Any CPU
		{C1B54A2F-7203-45E4-B3FE-45FE3BEE23C5}.Release|Any CPU.Build.0 = Release|Any CPU
		{BB6AE56B-20AF-4FF4-B07A-3E3EFD129BC8}.Debug|Any CPU.ActiveCfg = Debug|Any CPU
		{BB6AE56B-20AF-4FF4-B07A-3E3EFD129BC8}.Debug|Any CPU.Build.0 = Debug|Any CPU
		{BB6AE56B-20AF-4FF4-B07A-3E3EFD129BC8}.Release|Any CPU.ActiveCfg = Release|Any CPU
		{BB6AE56B-20AF-4FF4-B07A-3E3EFD129BC8}.Release|Any CPU.Build.0 = Release|Any CPU
		{CF73F757-B311-46F9-9548-DE03068E2FF8}.Debug|Any CPU.ActiveCfg = Debug|Any CPU
		{CF73F757-B311-46F9-9548-DE03068E2FF8}.Debug|Any CPU.Build.0 = Debug|Any CPU
		{CF73F757-B311-46F9-9548-DE03068E2FF8}.Release|Any CPU.ActiveCfg = Release|Any CPU
		{CF73F757-B311-46F9-9548-DE03068E2FF8}.Release|Any CPU.Build.0 = Release|Any CPU
	EndGlobalSection
	GlobalSection(SolutionProperties) = preSolution
		HideSolutionNode = FALSE
	EndGlobalSection
	GlobalSection(ExtensibilityGlobals) = postSolution
		SolutionGuid = {82050ECE-9C77-4665-85F9-18EB74EC6D3E}
	EndGlobalSection
EndGlobal
